
Microsoft Visual Studio Solution File, Format Version 12.00
# Visual Studio Version 17
VisualStudioVersion = 17.3.32825.248
MinimumVisualStudioVersion = 10.0.40219.1
Project("{FAE04EC0-301F-11D3-BF4B-00C04F79EFBC}") = "week2", "week2\week2.csproj", "{1C038E20-322A-4C1A-A2E8-3DF8F328500B}"
EndProject
Project("{FAE04EC0-301F-11D3-BF4B-00C04F79EFBC}") = "UserGenderValidation", "UserGenderValidation\UserGenderValidation.csproj", "{B1007EF8-7EA4-4556-BE4B-BB798CAB1183}"
EndProject
Project("{FAE04EC0-301F-11D3-BF4B-00C04F79EFBC}") = "UserAgeValidation", "UserAgeValidation\UserAgeValidation.csproj", "{1F76979B-9381-4A5A-9149-06DE20118E73}"
EndProject
Global
	GlobalSection(SolutionConfigurationPlatforms) = preSolution
		Debug|Any CPU = Debug|Any CPU
		Release|Any CPU = Release|Any CPU
	EndGlobalSection
	GlobalSection(ProjectConfigurationPlatforms) = postSolution
		{1C038E20-322A-4C1A-A2E8-3DF8F328500B}.Debug|Any CPU.ActiveCfg = Debug|Any CPU
		{1C038E20-322A-4C1A-A2E8-3DF8F328500B}.Debug|Any CPU.Build.0 = Debug|Any CPU
		{1C038E20-322A-4C1A-A2E8-3DF8F328500B}.Release|Any CPU.ActiveCfg = Release|Any CPU
		{1C038E20-322A-4C1A-A2E8-3DF8F328500B}.Release|Any CPU.Build.0 = Release|Any CPU
		{B1007EF8-7EA4-4556-BE4B-BB798CAB1183}.Debug|Any CPU.ActiveCfg = Debug|Any CPU
		{B1007EF8-7EA4-4556-BE4B-BB798CAB1183}.Debug|Any CPU.Build.0 = Debug|Any CPU
		{B1007EF8-7EA4-4556-BE4B-BB798CAB1183}.Release|Any CPU.ActiveCfg = Release|Any CPU
		{B1007EF8-7EA4-4556-BE4B-BB798CAB1183}.Release|Any CPU.Build.0 = Release|Any CPU
		{1F76979B-9381-4A5A-9149-06DE20118E73}.Debug|Any CPU.ActiveCfg = Debug|Any CPU
		{1F76979B-9381-4A5A-9149-06DE20118E73}.Debug|Any CPU.Build.0 = Debug|Any CPU
		{1F76979B-9381-4A5A-9149-06DE20118E73}.Release|Any CPU.ActiveCfg = Release|Any CPU
		{1F76979B-9381-4A5A-9149-06DE20118E73}.Release|Any CPU.Build.0 = Release|Any CPU
	EndGlobalSection
	GlobalSection(SolutionProperties) = preSolution
		HideSolutionNode = FALSE
	EndGlobalSection
	GlobalSection(ExtensibilityGlobals) = postSolution
		SolutionGuid = {3CEA0936-E2DC-4F55-B825-627D5D106DAF}
	EndGlobalSection
EndGlobal
